// !$*UTF8*$!
{
	archiveVersion = 1;
	classes = {
	};
	objectVersion = 56;
	objects = {

/* Begin PBXBuildFile section */
		360F7AC82A8FDD2800419CBB /* GFUserInfoHeaderVC.swift in Sources */ = {isa = PBXBuildFile; fileRef = 360F7AC72A8FDD2800419CBB /* GFUserInfoHeaderVC.swift */; };
		360F7ACA2A8FDD9300419CBB /* GFSecondaryTitleLabel.swift in Sources */ = {isa = PBXBuildFile; fileRef = 360F7AC92A8FDD9300419CBB /* GFSecondaryTitleLabel.swift */; };
		360F7ACC2A8FE77E00419CBB /* constants.swift in Sources */ = {isa = PBXBuildFile; fileRef = 360F7ACB2A8FE77E00419CBB /* constants.swift */; };
		361AD2B62A6193DE004843F4 /* AppDelegate.swift in Sources */ = {isa = PBXBuildFile; fileRef = 361AD2B52A6193DE004843F4 /* AppDelegate.swift */; };
		361AD2B82A6193DE004843F4 /* SceneDelegate.swift in Sources */ = {isa = PBXBuildFile; fileRef = 361AD2B72A6193DE004843F4 /* SceneDelegate.swift */; };
		361AD2BF2A6193DF004843F4 /* Assets.xcassets in Resources */ = {isa = PBXBuildFile; fileRef = 361AD2BE2A6193DF004843F4 /* Assets.xcassets */; };
		361AD2C22A6193DF004843F4 /* LaunchScreen.storyboard in Resources */ = {isa = PBXBuildFile; fileRef = 361AD2C02A6193DF004843F4 /* LaunchScreen.storyboard */; };
		361AD2CA2A619FFD004843F4 /* SearchVC.swift in Sources */ = {isa = PBXBuildFile; fileRef = 361AD2C92A619FFD004843F4 /* SearchVC.swift */; };
		361AD2CC2A61A028004843F4 /* FavoritesListVC.swift in Sources */ = {isa = PBXBuildFile; fileRef = 361AD2CB2A61A028004843F4 /* FavoritesListVC.swift */; };
		361AD2CE2A61B1A2004843F4 /* GFButton.swift in Sources */ = {isa = PBXBuildFile; fileRef = 361AD2CD2A61B1A2004843F4 /* GFButton.swift */; };
		36389D462AA127C300A0D2D2 /* PersistenceManager.swift in Sources */ = {isa = PBXBuildFile; fileRef = 36389D452AA127C300A0D2D2 /* PersistenceManager.swift */; };
		36633A972A9E6D40003DCE6E /* GFItemInfoVC.swift in Sources */ = {isa = PBXBuildFile; fileRef = 36633A962A9E6D40003DCE6E /* GFItemInfoVC.swift */; };
		36633A992A9E7082003DCE6E /* GFRepoItemVC.swift in Sources */ = {isa = PBXBuildFile; fileRef = 36633A982A9E7082003DCE6E /* GFRepoItemVC.swift */; };
		36633A9B2A9E763B003DCE6E /* GFFollowerItemVC.swift in Sources */ = {isa = PBXBuildFile; fileRef = 36633A9A2A9E763B003DCE6E /* GFFollowerItemVC.swift */; };
		36633A9E2A9E7CF0003DCE6E /* Date+Ext.swift in Sources */ = {isa = PBXBuildFile; fileRef = 36633A9D2A9E7CF0003DCE6E /* Date+Ext.swift */; };
		36633AA02A9E7D26003DCE6E /* String+Ext[NOT USED].swift in Sources */ = {isa = PBXBuildFile; fileRef = 36633A9F2A9E7D26003DCE6E /* String+Ext[NOT USED].swift */; };
		366DD9A62A815E6B00FB73A6 /* GFError.swift in Sources */ = {isa = PBXBuildFile; fileRef = 366DD9A52A815E6B00FB73A6 /* GFError.swift */; };
		367458D02A968632008E77D8 /* GFItemInfoView.swift in Sources */ = {isa = PBXBuildFile; fileRef = 367458CF2A968632008E77D8 /* GFItemInfoView.swift */; };
		367863E62AB1EDA4000CB372 /* GFTabBarController.swift in Sources */ = {isa = PBXBuildFile; fileRef = 367863E52AB1EDA4000CB372 /* GFTabBarController.swift */; };
		367863E82AB23CAB000CB372 /* GFDataLoadingVC.swift in Sources */ = {isa = PBXBuildFile; fileRef = 367863E72AB23CAB000CB372 /* GFDataLoadingVC.swift */; };
		367863EA2AB3594F000CB372 /* UIView+Ext.swift in Sources */ = {isa = PBXBuildFile; fileRef = 367863E92AB3594F000CB372 /* UIView+Ext.swift */; };
		3678648D2AB4957A000CB372 /* UITableView+Ext.swift in Sources */ = {isa = PBXBuildFile; fileRef = 3678648C2AB4957A000CB372 /* UITableView+Ext.swift */; };
		36A67CE12AA8FA4100D7C70B /* FavoriteCell.swift in Sources */ = {isa = PBXBuildFile; fileRef = 36A67CE02AA8FA4100D7C70B /* FavoriteCell.swift */; };
		36BD987D2A65C3AC00212A5D /* GFTextField.swift in Sources */ = {isa = PBXBuildFile; fileRef = 36BD987C2A65C3AC00212A5D /* GFTextField.swift */; };
		36BD987F2A65D16C00212A5D /* FollowerListVC.swift in Sources */ = {isa = PBXBuildFile; fileRef = 36BD987E2A65D16C00212A5D /* FollowerListVC.swift */; };
		36BD98812A66E5FC00212A5D /* GFTitleLabel.swift in Sources */ = {isa = PBXBuildFile; fileRef = 36BD98802A66E5FC00212A5D /* GFTitleLabel.swift */; };
		36BD98832A66E78E00212A5D /* GFBodyLabel.swift in Sources */ = {isa = PBXBuildFile; fileRef = 36BD98822A66E78E00212A5D /* GFBodyLabel.swift */; };
		36BD98852A66E87E00212A5D /* GFAlertVC.swift in Sources */ = {isa = PBXBuildFile; fileRef = 36BD98842A66E87E00212A5D /* GFAlertVC.swift */; };
		36BD98872A66F1FF00212A5D /* UIViewController+Ext.swift in Sources */ = {isa = PBXBuildFile; fileRef = 36BD98862A66F1FF00212A5D /* UIViewController+Ext.swift */; };
		36BD988D2A6714E800212A5D /* GFContainerView.swift in Sources */ = {isa = PBXBuildFile; fileRef = 36BD988C2A6714E800212A5D /* GFContainerView.swift */; };
		36BD98902A6828C900212A5D /* Follower.swift in Sources */ = {isa = PBXBuildFile; fileRef = 36BD988F2A6828C900212A5D /* Follower.swift */; };
		36BD98922A68298700212A5D /* User.swift in Sources */ = {isa = PBXBuildFile; fileRef = 36BD98912A68298700212A5D /* User.swift */; };
		36BD98952A6860FF00212A5D /* NetworkManager.swift in Sources */ = {isa = PBXBuildFile; fileRef = 36BD98942A6860FF00212A5D /* NetworkManager.swift */; };
		36BD989B2A69AB4C00212A5D /* FollowerCell.swift in Sources */ = {isa = PBXBuildFile; fileRef = 36BD989A2A69AB4C00212A5D /* FollowerCell.swift */; };
		36BD989D2A69AC9A00212A5D /* GFAvatarImageView.swift in Sources */ = {isa = PBXBuildFile; fileRef = 36BD989C2A69AC9A00212A5D /* GFAvatarImageView.swift */; };
		36BD989F2A6B0BB100212A5D /* UIHelper.swift in Sources */ = {isa = PBXBuildFile; fileRef = 36BD989E2A6B0BB100212A5D /* UIHelper.swift */; };
		36BD98A72A70168D00212A5D /* GFEmptyStateView.swift in Sources */ = {isa = PBXBuildFile; fileRef = 36BD98A62A70168D00212A5D /* GFEmptyStateView.swift */; };
		36BD98A92A71744700212A5D /* UserInfoVC.swift in Sources */ = {isa = PBXBuildFile; fileRef = 36BD98A82A71744700212A5D /* UserInfoVC.swift */; };
/* End PBXBuildFile section */

/* Begin PBXFileReference section */
		360F7AC72A8FDD2800419CBB /* GFUserInfoHeaderVC.swift */ = {isa = PBXFileReference; lastKnownFileType = sourcecode.swift; path = GFUserInfoHeaderVC.swift; sourceTree = "<group>"; };
		360F7AC92A8FDD9300419CBB /* GFSecondaryTitleLabel.swift */ = {isa = PBXFileReference; lastKnownFileType = sourcecode.swift; path = GFSecondaryTitleLabel.swift; sourceTree = "<group>"; };
		360F7ACB2A8FE77E00419CBB /* constants.swift */ = {isa = PBXFileReference; lastKnownFileType = sourcecode.swift; path = constants.swift; sourceTree = "<group>"; };
		361AD2B22A6193DE004843F4 /* GHFollowers.app */ = {isa = PBXFileReference; explicitFileType = wrapper.application; includeInIndex = 0; path = GHFollowers.app; sourceTree = BUILT_PRODUCTS_DIR; };
		361AD2B52A6193DE004843F4 /* AppDelegate.swift */ = {isa = PBXFileReference; lastKnownFileType = sourcecode.swift; path = AppDelegate.swift; sourceTree = "<group>"; };
		361AD2B72A6193DE004843F4 /* SceneDelegate.swift */ = {isa = PBXFileReference; lastKnownFileType = sourcecode.swift; path = SceneDelegate.swift; sourceTree = "<group>"; };
		361AD2BE2A6193DF004843F4 /* Assets.xcassets */ = {isa = PBXFileReference; lastKnownFileType = folder.assetcatalog; path = Assets.xcassets; sourceTree = "<group>"; };
		361AD2C12A6193DF004843F4 /* Base */ = {isa = PBXFileReference; lastKnownFileType = file.storyboard; name = Base; path = Base.lproj/LaunchScreen.storyboard; sourceTree = "<group>"; };
		361AD2C32A6193DF004843F4 /* Info.plist */ = {isa = PBXFileReference; lastKnownFileType = text.plist.xml; name = Info.plist; path = GHFollowers/Support/Info.plist; sourceTree = SOURCE_ROOT; };
		361AD2C92A619FFD004843F4 /* SearchVC.swift */ = {isa = PBXFileReference; lastKnownFileType = sourcecode.swift; path = SearchVC.swift; sourceTree = "<group>"; };
		361AD2CB2A61A028004843F4 /* FavoritesListVC.swift */ = {isa = PBXFileReference; lastKnownFileType = sourcecode.swift; path = FavoritesListVC.swift; sourceTree = "<group>"; };
		361AD2CD2A61B1A2004843F4 /* GFButton.swift */ = {isa = PBXFileReference; lastKnownFileType = sourcecode.swift; path = GFButton.swift; sourceTree = "<group>"; };
		36389D452AA127C300A0D2D2 /* PersistenceManager.swift */ = {isa = PBXFileReference; lastKnownFileType = sourcecode.swift; path = PersistenceManager.swift; sourceTree = "<group>"; };
		36633A962A9E6D40003DCE6E /* GFItemInfoVC.swift */ = {isa = PBXFileReference; lastKnownFileType = sourcecode.swift; path = GFItemInfoVC.swift; sourceTree = "<group>"; };
		36633A982A9E7082003DCE6E /* GFRepoItemVC.swift */ = {isa = PBXFileReference; lastKnownFileType = sourcecode.swift; path = GFRepoItemVC.swift; sourceTree = "<group>"; };
		36633A9A2A9E763B003DCE6E /* GFFollowerItemVC.swift */ = {isa = PBXFileReference; lastKnownFileType = sourcecode.swift; path = GFFollowerItemVC.swift; sourceTree = "<group>"; };
		36633A9D2A9E7CF0003DCE6E /* Date+Ext.swift */ = {isa = PBXFileReference; lastKnownFileType = sourcecode.swift; path = "Date+Ext.swift"; sourceTree = "<group>"; };
		36633A9F2A9E7D26003DCE6E /* String+Ext[NOT USED].swift */ = {isa = PBXFileReference; lastKnownFileType = sourcecode.swift; path = "String+Ext[NOT USED].swift"; sourceTree = "<group>"; };
		366DD9A52A815E6B00FB73A6 /* GFError.swift */ = {isa = PBXFileReference; lastKnownFileType = sourcecode.swift; path = GFError.swift; sourceTree = "<group>"; };
		367458CF2A968632008E77D8 /* GFItemInfoView.swift */ = {isa = PBXFileReference; lastKnownFileType = sourcecode.swift; path = GFItemInfoView.swift; sourceTree = "<group>"; };
		367863E52AB1EDA4000CB372 /* GFTabBarController.swift */ = {isa = PBXFileReference; lastKnownFileType = sourcecode.swift; path = GFTabBarController.swift; sourceTree = "<group>"; };
		367863E72AB23CAB000CB372 /* GFDataLoadingVC.swift */ = {isa = PBXFileReference; lastKnownFileType = sourcecode.swift; path = GFDataLoadingVC.swift; sourceTree = "<group>"; };
		367863E92AB3594F000CB372 /* UIView+Ext.swift */ = {isa = PBXFileReference; lastKnownFileType = sourcecode.swift; path = "UIView+Ext.swift"; sourceTree = "<group>"; };
		3678648C2AB4957A000CB372 /* UITableView+Ext.swift */ = {isa = PBXFileReference; lastKnownFileType = sourcecode.swift; path = "UITableView+Ext.swift"; sourceTree = "<group>"; };
		36A67CE02AA8FA4100D7C70B /* FavoriteCell.swift */ = {isa = PBXFileReference; lastKnownFileType = sourcecode.swift; path = FavoriteCell.swift; sourceTree = "<group>"; };
		36BD987C2A65C3AC00212A5D /* GFTextField.swift */ = {isa = PBXFileReference; lastKnownFileType = sourcecode.swift; path = GFTextField.swift; sourceTree = "<group>"; };
		36BD987E2A65D16C00212A5D /* FollowerListVC.swift */ = {isa = PBXFileReference; lastKnownFileType = sourcecode.swift; path = FollowerListVC.swift; sourceTree = "<group>"; };
		36BD98802A66E5FC00212A5D /* GFTitleLabel.swift */ = {isa = PBXFileReference; lastKnownFileType = sourcecode.swift; path = GFTitleLabel.swift; sourceTree = "<group>"; };
		36BD98822A66E78E00212A5D /* GFBodyLabel.swift */ = {isa = PBXFileReference; lastKnownFileType = sourcecode.swift; path = GFBodyLabel.swift; sourceTree = "<group>"; };
		36BD98842A66E87E00212A5D /* GFAlertVC.swift */ = {isa = PBXFileReference; lastKnownFileType = sourcecode.swift; path = GFAlertVC.swift; sourceTree = "<group>"; };
		36BD98862A66F1FF00212A5D /* UIViewController+Ext.swift */ = {isa = PBXFileReference; lastKnownFileType = sourcecode.swift; path = "UIViewController+Ext.swift"; sourceTree = "<group>"; };
		36BD988C2A6714E800212A5D /* GFContainerView.swift */ = {isa = PBXFileReference; lastKnownFileType = sourcecode.swift; path = GFContainerView.swift; sourceTree = "<group>"; };
		36BD988F2A6828C900212A5D /* Follower.swift */ = {isa = PBXFileReference; lastKnownFileType = sourcecode.swift; path = Follower.swift; sourceTree = "<group>"; };
		36BD98912A68298700212A5D /* User.swift */ = {isa = PBXFileReference; lastKnownFileType = sourcecode.swift; path = User.swift; sourceTree = "<group>"; };
		36BD98942A6860FF00212A5D /* NetworkManager.swift */ = {isa = PBXFileReference; lastKnownFileType = sourcecode.swift; path = NetworkManager.swift; sourceTree = "<group>"; };
		36BD989A2A69AB4C00212A5D /* FollowerCell.swift */ = {isa = PBXFileReference; lastKnownFileType = sourcecode.swift; path = FollowerCell.swift; sourceTree = "<group>"; };
		36BD989C2A69AC9A00212A5D /* GFAvatarImageView.swift */ = {isa = PBXFileReference; lastKnownFileType = sourcecode.swift; path = GFAvatarImageView.swift; sourceTree = "<group>"; };
		36BD989E2A6B0BB100212A5D /* UIHelper.swift */ = {isa = PBXFileReference; lastKnownFileType = sourcecode.swift; path = UIHelper.swift; sourceTree = "<group>"; };
		36BD98A62A70168D00212A5D /* GFEmptyStateView.swift */ = {isa = PBXFileReference; lastKnownFileType = sourcecode.swift; path = GFEmptyStateView.swift; sourceTree = "<group>"; };
		36BD98A82A71744700212A5D /* UserInfoVC.swift */ = {isa = PBXFileReference; lastKnownFileType = sourcecode.swift; path = UserInfoVC.swift; sourceTree = "<group>"; };
/* End PBXFileReference section */

/* Begin PBXFrameworksBuildPhase section */
		361AD2AF2A6193DE004843F4 /* Frameworks */ = {
			isa = PBXFrameworksBuildPhase;
			buildActionMask = 2147483647;
			files = (
			);
			runOnlyForDeploymentPostprocessing = 0;
		};
/* End PBXFrameworksBuildPhase section */

/* Begin PBXGroup section */
		361AD2A92A6193DE004843F4 = {
			isa = PBXGroup;
			children = (
				361AD2B42A6193DE004843F4 /* GHFollowers */,
				361AD2B32A6193DE004843F4 /* Products */,
			);
			sourceTree = "<group>";
		};
		361AD2B32A6193DE004843F4 /* Products */ = {
			isa = PBXGroup;
			children = (
				361AD2B22A6193DE004843F4 /* GHFollowers.app */,
			);
			name = Products;
			sourceTree = "<group>";
		};
		361AD2B42A6193DE004843F4 /* GHFollowers */ = {
			isa = PBXGroup;
			children = (
				36BD98962A69896D00212A5D /* Utilities */,
				36BD98932A6860EC00212A5D /* Managers */,
				36BD988E2A6828B500212A5D /* Model */,
				36BD988A2A67121E00212A5D /* Extensions */,
				36BD98892A6711DB00212A5D /* Custom Views */,
				36BD98882A6711A400212A5D /* Screens */,
				36BD988B2A67126C00212A5D /* Support */,
			);
			path = GHFollowers;
			sourceTree = "<group>";
		};
		36633A9C2A9E768D003DCE6E /* ItemInfoVCs */ = {
			isa = PBXGroup;
			children = (
				36633A962A9E6D40003DCE6E /* GFItemInfoVC.swift */,
				36633A982A9E7082003DCE6E /* GFRepoItemVC.swift */,
				36633A9A2A9E763B003DCE6E /* GFFollowerItemVC.swift */,
			);
			path = ItemInfoVCs;
			sourceTree = "<group>";
		};
		367863E42AB1ED85000CB372 /* TabBarControllers */ = {
			isa = PBXGroup;
			children = (
				367863E52AB1EDA4000CB372 /* GFTabBarController.swift */,
			);
			path = TabBarControllers;
			sourceTree = "<group>";
		};
		36BD98882A6711A400212A5D /* Screens */ = {
			isa = PBXGroup;
			children = (
				361AD2C92A619FFD004843F4 /* SearchVC.swift */,
				36BD987E2A65D16C00212A5D /* FollowerListVC.swift */,
				361AD2CB2A61A028004843F4 /* FavoritesListVC.swift */,
				36BD98A82A71744700212A5D /* UserInfoVC.swift */,
			);
			path = Screens;
			sourceTree = "<group>";
		};
		36BD98892A6711DB00212A5D /* Custom Views */ = {
			isa = PBXGroup;
			children = (
				367863E42AB1ED85000CB372 /* TabBarControllers */,
				36BD98A52A70162200212A5D /* Labels */,
				36BD98A42A70160F00212A5D /* ViewControllers */,
				36BD98A32A70160500212A5D /* ImageViews */,
				36BD98A22A7015FB00212A5D /* TextFields */,
				36BD98A12A7015F500212A5D /* Buttons */,
				36BD98A02A7015EA00212A5D /* Views */,
				36BD98992A69AB2900212A5D /* Cells */,
			);
			path = "Custom Views";
			sourceTree = "<group>";
		};
		36BD988A2A67121E00212A5D /* Extensions */ = {
			isa = PBXGroup;
			children = (
				36BD98862A66F1FF00212A5D /* UIViewController+Ext.swift */,
				36633A9D2A9E7CF0003DCE6E /* Date+Ext.swift */,
				36633A9F2A9E7D26003DCE6E /* String+Ext[NOT USED].swift */,
				367863E92AB3594F000CB372 /* UIView+Ext.swift */,
				3678648C2AB4957A000CB372 /* UITableView+Ext.swift */,
			);
			path = Extensions;
			sourceTree = "<group>";
		};
		36BD988B2A67126C00212A5D /* Support */ = {
			isa = PBXGroup;
			children = (
				361AD2B52A6193DE004843F4 /* AppDelegate.swift */,
				361AD2B72A6193DE004843F4 /* SceneDelegate.swift */,
				361AD2BE2A6193DF004843F4 /* Assets.xcassets */,
				361AD2C02A6193DF004843F4 /* LaunchScreen.storyboard */,
				361AD2C32A6193DF004843F4 /* Info.plist */,
			);
			path = Support;
			sourceTree = "<group>";
		};
		36BD988E2A6828B500212A5D /* Model */ = {
			isa = PBXGroup;
			children = (
				36BD988F2A6828C900212A5D /* Follower.swift */,
				36BD98912A68298700212A5D /* User.swift */,
			);
			path = Model;
			sourceTree = "<group>";
		};
		36BD98932A6860EC00212A5D /* Managers */ = {
			isa = PBXGroup;
			children = (
				36BD98942A6860FF00212A5D /* NetworkManager.swift */,
				36389D452AA127C300A0D2D2 /* PersistenceManager.swift */,
			);
			path = Managers;
			sourceTree = "<group>";
		};
		36BD98962A69896D00212A5D /* Utilities */ = {
			isa = PBXGroup;
			children = (
				36BD989E2A6B0BB100212A5D /* UIHelper.swift */,
				366DD9A52A815E6B00FB73A6 /* GFError.swift */,
				360F7ACB2A8FE77E00419CBB /* constants.swift */,
			);
			path = Utilities;
			sourceTree = "<group>";
		};
		36BD98992A69AB2900212A5D /* Cells */ = {
			isa = PBXGroup;
			children = (
				36BD989A2A69AB4C00212A5D /* FollowerCell.swift */,
				36A67CE02AA8FA4100D7C70B /* FavoriteCell.swift */,
			);
			path = Cells;
			sourceTree = "<group>";
		};
		36BD98A02A7015EA00212A5D /* Views */ = {
			isa = PBXGroup;
			children = (
				36BD98A62A70168D00212A5D /* GFEmptyStateView.swift */,
				367458CF2A968632008E77D8 /* GFItemInfoView.swift */,
				36BD988C2A6714E800212A5D /* GFContainerView.swift */,
			);
			path = Views;
			sourceTree = "<group>";
		};
		36BD98A12A7015F500212A5D /* Buttons */ = {
			isa = PBXGroup;
			children = (
				361AD2CD2A61B1A2004843F4 /* GFButton.swift */,
			);
			path = Buttons;
			sourceTree = "<group>";
		};
		36BD98A22A7015FB00212A5D /* TextFields */ = {
			isa = PBXGroup;
			children = (
				36BD987C2A65C3AC00212A5D /* GFTextField.swift */,
			);
			path = TextFields;
			sourceTree = "<group>";
		};
		36BD98A32A70160500212A5D /* ImageViews */ = {
			isa = PBXGroup;
			children = (
				36BD989C2A69AC9A00212A5D /* GFAvatarImageView.swift */,
			);
			path = ImageViews;
			sourceTree = "<group>";
		};
		36BD98A42A70160F00212A5D /* ViewControllers */ = {
			isa = PBXGroup;
			children = (
				36633A9C2A9E768D003DCE6E /* ItemInfoVCs */,
				36BD98842A66E87E00212A5D /* GFAlertVC.swift */,
				360F7AC72A8FDD2800419CBB /* GFUserInfoHeaderVC.swift */,
				367863E72AB23CAB000CB372 /* GFDataLoadingVC.swift */,
			);
			path = ViewControllers;
			sourceTree = "<group>";
		};
		36BD98A52A70162200212A5D /* Labels */ = {
			isa = PBXGroup;
			children = (
				36BD98802A66E5FC00212A5D /* GFTitleLabel.swift */,
				36BD98822A66E78E00212A5D /* GFBodyLabel.swift */,
				360F7AC92A8FDD9300419CBB /* GFSecondaryTitleLabel.swift */,
			);
			path = Labels;
			sourceTree = "<group>";
		};
/* End PBXGroup section */

/* Begin PBXNativeTarget section */
		361AD2B12A6193DE004843F4 /* GHFollowers */ = {
			isa = PBXNativeTarget;
			buildConfigurationList = 361AD2C62A6193DF004843F4 /* Build configuration list for PBXNativeTarget "GHFollowers" */;
			buildPhases = (
				361AD2AE2A6193DE004843F4 /* Sources */,
				361AD2AF2A6193DE004843F4 /* Frameworks */,
				361AD2B02A6193DE004843F4 /* Resources */,
			);
			buildRules = (
			);
			dependencies = (
			);
			name = GHFollowers;
			productName = GHFollowers;
			productReference = 361AD2B22A6193DE004843F4 /* GHFollowers.app */;
			productType = "com.apple.product-type.application";
		};
/* End PBXNativeTarget section */

/* Begin PBXProject section */
		361AD2AA2A6193DE004843F4 /* Project object */ = {
			isa = PBXProject;
			attributes = {
				BuildIndependentTargetsInParallel = 1;
				LastSwiftUpdateCheck = 1430;
				LastUpgradeCheck = 1430;
				TargetAttributes = {
					361AD2B12A6193DE004843F4 = {
						CreatedOnToolsVersion = 14.3.1;
					};
				};
			};
			buildConfigurationList = 361AD2AD2A6193DE004843F4 /* Build configuration list for PBXProject "GHFollowers" */;
			compatibilityVersion = "Xcode 14.0";
			developmentRegion = en;
			hasScannedForEncodings = 0;
			knownRegions = (
				en,
				Base,
			);
			mainGroup = 361AD2A92A6193DE004843F4;
			productRefGroup = 361AD2B32A6193DE004843F4 /* Products */;
			projectDirPath = "";
			projectRoot = "";
			targets = (
				361AD2B12A6193DE004843F4 /* GHFollowers */,
			);
		};
/* End PBXProject section */

/* Begin PBXResourcesBuildPhase section */
		361AD2B02A6193DE004843F4 /* Resources */ = {
			isa = PBXResourcesBuildPhase;
			buildActionMask = 2147483647;
			files = (
				361AD2C22A6193DF004843F4 /* LaunchScreen.storyboard in Resources */,
				361AD2BF2A6193DF004843F4 /* Assets.xcassets in Resources */,
			);
			runOnlyForDeploymentPostprocessing = 0;
		};
/* End PBXResourcesBuildPhase section */

/* Begin PBXSourcesBuildPhase section */
		361AD2AE2A6193DE004843F4 /* Sources */ = {
			isa = PBXSourcesBuildPhase;
			buildActionMask = 2147483647;
			files = (
				36BD987D2A65C3AC00212A5D /* GFTextField.swift in Sources */,
				361AD2CC2A61A028004843F4 /* FavoritesListVC.swift in Sources */,
				361AD2CE2A61B1A2004843F4 /* GFButton.swift in Sources */,
				360F7AC82A8FDD2800419CBB /* GFUserInfoHeaderVC.swift in Sources */,
				36BD98872A66F1FF00212A5D /* UIViewController+Ext.swift in Sources */,
				361AD2CA2A619FFD004843F4 /* SearchVC.swift in Sources */,
				367863E82AB23CAB000CB372 /* GFDataLoadingVC.swift in Sources */,
				36BD98A72A70168D00212A5D /* GFEmptyStateView.swift in Sources */,
				360F7ACA2A8FDD9300419CBB /* GFSecondaryTitleLabel.swift in Sources */,
				36BD98852A66E87E00212A5D /* GFAlertVC.swift in Sources */,
				36BD98922A68298700212A5D /* User.swift in Sources */,
				366DD9A62A815E6B00FB73A6 /* GFError.swift in Sources */,
				36BD989B2A69AB4C00212A5D /* FollowerCell.swift in Sources */,
				36389D462AA127C300A0D2D2 /* PersistenceManager.swift in Sources */,
				36A67CE12AA8FA4100D7C70B /* FavoriteCell.swift in Sources */,
				36633A992A9E7082003DCE6E /* GFRepoItemVC.swift in Sources */,
				36BD989D2A69AC9A00212A5D /* GFAvatarImageView.swift in Sources */,
				36BD98832A66E78E00212A5D /* GFBodyLabel.swift in Sources */,
				36BD98A92A71744700212A5D /* UserInfoVC.swift in Sources */,
				36BD98902A6828C900212A5D /* Follower.swift in Sources */,
				36BD98812A66E5FC00212A5D /* GFTitleLabel.swift in Sources */,
				3678648D2AB4957A000CB372 /* UITableView+Ext.swift in Sources */,
				36633AA02A9E7D26003DCE6E /* String+Ext[NOT USED].swift in Sources */,
				36BD987F2A65D16C00212A5D /* FollowerListVC.swift in Sources */,
				36633A972A9E6D40003DCE6E /* GFItemInfoVC.swift in Sources */,
				36633A9B2A9E763B003DCE6E /* GFFollowerItemVC.swift in Sources */,
				361AD2B62A6193DE004843F4 /* AppDelegate.swift in Sources */,
				36BD989F2A6B0BB100212A5D /* UIHelper.swift in Sources */,
				36633A9E2A9E7CF0003DCE6E /* Date+Ext.swift in Sources */,
				36BD98952A6860FF00212A5D /* NetworkManager.swift in Sources */,
				361AD2B82A6193DE004843F4 /* SceneDelegate.swift in Sources */,
				367458D02A968632008E77D8 /* GFItemInfoView.swift in Sources */,
				36BD988D2A6714E800212A5D /* GFContainerView.swift in Sources */,
				367863EA2AB3594F000CB372 /* UIView+Ext.swift in Sources */,
				360F7ACC2A8FE77E00419CBB /* constants.swift in Sources */,
				367863E62AB1EDA4000CB372 /* GFTabBarController.swift in Sources */,
			);
			runOnlyForDeploymentPostprocessing = 0;
		};
/* End PBXSourcesBuildPhase section */

/* Begin PBXVariantGroup section */
		361AD2C02A6193DF004843F4 /* LaunchScreen.storyboard */ = {
			isa = PBXVariantGroup;
			children = (
				361AD2C12A6193DF004843F4 /* Base */,
			);
			name = LaunchScreen.storyboard;
			sourceTree = "<group>";
		};
/* End PBXVariantGroup section */

/* Begin XCBuildConfiguration section */
		361AD2C42A6193DF004843F4 /* Debug */ = {
			isa = XCBuildConfiguration;
			buildSettings = {
				ALWAYS_SEARCH_USER_PATHS = NO;
				CLANG_ANALYZER_NONNULL = YES;
				CLANG_ANALYZER_NUMBER_OBJECT_CONVERSION = YES_AGGRESSIVE;
				CLANG_CXX_LANGUAGE_STANDARD = "gnu++20";
				CLANG_ENABLE_MODULES = YES;
				CLANG_ENABLE_OBJC_ARC = YES;
				CLANG_ENABLE_OBJC_WEAK = YES;
				CLANG_WARN_BLOCK_CAPTURE_AUTORELEASING = YES;
				CLANG_WARN_BOOL_CONVERSION = YES;
				CLANG_WARN_COMMA = YES;
				CLANG_WARN_CONSTANT_CONVERSION = YES;
				CLANG_WARN_DEPRECATED_OBJC_IMPLEMENTATIONS = YES;
				CLANG_WARN_DIRECT_OBJC_ISA_USAGE = YES_ERROR;
				CLANG_WARN_DOCUMENTATION_COMMENTS = YES;
				CLANG_WARN_EMPTY_BODY = YES;
				CLANG_WARN_ENUM_CONVERSION = YES;
				CLANG_WARN_INFINITE_RECURSION = YES;
				CLANG_WARN_INT_CONVERSION = YES;
				CLANG_WARN_NON_LITERAL_NULL_CONVERSION = YES;
				CLANG_WARN_OBJC_IMPLICIT_RETAIN_SELF = YES;
				CLANG_WARN_OBJC_LITERAL_CONVERSION = YES;
				CLANG_WARN_OBJC_ROOT_CLASS = YES_ERROR;
				CLANG_WARN_QUOTED_INCLUDE_IN_FRAMEWORK_HEADER = YES;
				CLANG_WARN_RANGE_LOOP_ANALYSIS = YES;
				CLANG_WARN_STRICT_PROTOTYPES = YES;
				CLANG_WARN_SUSPICIOUS_MOVE = YES;
				CLANG_WARN_UNGUARDED_AVAILABILITY = YES_AGGRESSIVE;
				CLANG_WARN_UNREACHABLE_CODE = YES;
				CLANG_WARN__DUPLICATE_METHOD_MATCH = YES;
				COPY_PHASE_STRIP = NO;
				DEBUG_INFORMATION_FORMAT = dwarf;
				ENABLE_STRICT_OBJC_MSGSEND = YES;
				ENABLE_TESTABILITY = YES;
				GCC_C_LANGUAGE_STANDARD = gnu11;
				GCC_DYNAMIC_NO_PIC = NO;
				GCC_NO_COMMON_BLOCKS = YES;
				GCC_OPTIMIZATION_LEVEL = 0;
				GCC_PREPROCESSOR_DEFINITIONS = (
					"DEBUG=1",
					"$(inherited)",
				);
				GCC_WARN_64_TO_32_BIT_CONVERSION = YES;
				GCC_WARN_ABOUT_RETURN_TYPE = YES_ERROR;
				GCC_WARN_UNDECLARED_SELECTOR = YES;
				GCC_WARN_UNINITIALIZED_AUTOS = YES_AGGRESSIVE;
				GCC_WARN_UNUSED_FUNCTION = YES;
				GCC_WARN_UNUSED_VARIABLE = YES;
				INFOPLIST_FILE = "";
				IPHONEOS_DEPLOYMENT_TARGET = 16.4;
				MTL_ENABLE_DEBUG_INFO = INCLUDE_SOURCE;
				MTL_FAST_MATH = YES;
				ONLY_ACTIVE_ARCH = YES;
				SDKROOT = iphoneos;
				SWIFT_ACTIVE_COMPILATION_CONDITIONS = DEBUG;
				SWIFT_OPTIMIZATION_LEVEL = "-Onone";
			};
			name = Debug;
		};
		361AD2C52A6193DF004843F4 /* Release */ = {
			isa = XCBuildConfiguration;
			buildSettings = {
				ALWAYS_SEARCH_USER_PATHS = NO;
				CLANG_ANALYZER_NONNULL = YES;
				CLANG_ANALYZER_NUMBER_OBJECT_CONVERSION = YES_AGGRESSIVE;
				CLANG_CXX_LANGUAGE_STANDARD = "gnu++20";
				CLANG_ENABLE_MODULES = YES;
				CLANG_ENABLE_OBJC_ARC = YES;
				CLANG_ENABLE_OBJC_WEAK = YES;
				CLANG_WARN_BLOCK_CAPTURE_AUTORELEASING = YES;
				CLANG_WARN_BOOL_CONVERSION = YES;
				CLANG_WARN_COMMA = YES;
				CLANG_WARN_CONSTANT_CONVERSION = YES;
				CLANG_WARN_DEPRECATED_OBJC_IMPLEMENTATIONS = YES;
				CLANG_WARN_DIRECT_OBJC_ISA_USAGE = YES_ERROR;
				CLANG_WARN_DOCUMENTATION_COMMENTS = YES;
				CLANG_WARN_EMPTY_BODY = YES;
				CLANG_WARN_ENUM_CONVERSION = YES;
				CLANG_WARN_INFINITE_RECURSION = YES;
				CLANG_WARN_INT_CONVERSION = YES;
				CLANG_WARN_NON_LITERAL_NULL_CONVERSION = YES;
				CLANG_WARN_OBJC_IMPLICIT_RETAIN_SELF = YES;
				CLANG_WARN_OBJC_LITERAL_CONVERSION = YES;
				CLANG_WARN_OBJC_ROOT_CLASS = YES_ERROR;
				CLANG_WARN_QUOTED_INCLUDE_IN_FRAMEWORK_HEADER = YES;
				CLANG_WARN_RANGE_LOOP_ANALYSIS = YES;
				CLANG_WARN_STRICT_PROTOTYPES = YES;
				CLANG_WARN_SUSPICIOUS_MOVE = YES;
				CLANG_WARN_UNGUARDED_AVAILABILITY = YES_AGGRESSIVE;
				CLANG_WARN_UNREACHABLE_CODE = YES;
				CLANG_WARN__DUPLICATE_METHOD_MATCH = YES;
				COPY_PHASE_STRIP = NO;
				DEBUG_INFORMATION_FORMAT = "dwarf-with-dsym";
				ENABLE_NS_ASSERTIONS = NO;
				ENABLE_STRICT_OBJC_MSGSEND = YES;
				GCC_C_LANGUAGE_STANDARD = gnu11;
				GCC_NO_COMMON_BLOCKS = YES;
				GCC_WARN_64_TO_32_BIT_CONVERSION = YES;
				GCC_WARN_ABOUT_RETURN_TYPE = YES_ERROR;
				GCC_WARN_UNDECLARED_SELECTOR = YES;
				GCC_WARN_UNINITIALIZED_AUTOS = YES_AGGRESSIVE;
				GCC_WARN_UNUSED_FUNCTION = YES;
				GCC_WARN_UNUSED_VARIABLE = YES;
				INFOPLIST_FILE = "";
				IPHONEOS_DEPLOYMENT_TARGET = 16.4;
				MTL_ENABLE_DEBUG_INFO = NO;
				MTL_FAST_MATH = YES;
				SDKROOT = iphoneos;
				SWIFT_COMPILATION_MODE = wholemodule;
				SWIFT_OPTIMIZATION_LEVEL = "-O";
				VALIDATE_PRODUCT = YES;
			};
			name = Release;
		};
		361AD2C72A6193DF004843F4 /* Debug */ = {
			isa = XCBuildConfiguration;
			buildSettings = {
				ASSETCATALOG_COMPILER_APPICON_NAME = AppIcon;
				ASSETCATALOG_COMPILER_GLOBAL_ACCENT_COLOR_NAME = AccentColor;
				CODE_SIGN_STYLE = Automatic;
				CURRENT_PROJECT_VERSION = 1;
				DEVELOPMENT_TEAM = YHC2NRYFVR;
				GENERATE_INFOPLIST_FILE = YES;
				INFOPLIST_FILE = GHFollowers/Support/Info.plist;
				INFOPLIST_KEY_UIApplicationSupportsIndirectInputEvents = YES;
				INFOPLIST_KEY_UILaunchStoryboardName = LaunchScreen;
				INFOPLIST_KEY_UIMainStoryboardFile = "";
				INFOPLIST_KEY_UISupportedInterfaceOrientations = UIInterfaceOrientationPortrait;
				IPHONEOS_DEPLOYMENT_TARGET = 16.4;
				LD_RUNPATH_SEARCH_PATHS = (
					"$(inherited)",
					"@executable_path/Frameworks",
				);
				MARKETING_VERSION = 1.0;
				PRODUCT_BUNDLE_IDENTIFIER = none.GHFollowers;
				PRODUCT_NAME = "$(TARGET_NAME)";
				SUPPORTED_PLATFORMS = "iphoneos iphonesimulator";
				SUPPORTS_MACCATALYST = NO;
				SUPPORTS_MAC_DESIGNED_FOR_IPHONE_IPAD = NO;
				SWIFT_EMIT_LOC_STRINGS = YES;
				SWIFT_VERSION = 5.0;
				TARGETED_DEVICE_FAMILY = 1;
			};
			name = Debug;
		};
		361AD2C82A6193DF004843F4 /* Release */ = {
			isa = XCBuildConfiguration;
			buildSettings = {
				ASSETCATALOG_COMPILER_APPICON_NAME = AppIcon;
				ASSETCATALOG_COMPILER_GLOBAL_ACCENT_COLOR_NAME = AccentColor;
				CODE_SIGN_STYLE = Automatic;
				CURRENT_PROJECT_VERSION = 1;
				DEVELOPMENT_TEAM = YHC2NRYFVR;
				GENERATE_INFOPLIST_FILE = YES;
				INFOPLIST_FILE = GHFollowers/Support/Info.plist;
				INFOPLIST_KEY_UIApplicationSupportsIndirectInputEvents = YES;
				INFOPLIST_KEY_UILaunchStoryboardName = LaunchScreen;
				INFOPLIST_KEY_UIMainStoryboardFile = "";
				INFOPLIST_KEY_UISupportedInterfaceOrientations = UIInterfaceOrientationPortrait;
				IPHONEOS_DEPLOYMENT_TARGET = 16.4;
				LD_RUNPATH_SEARCH_PATHS = (
					"$(inherited)",
					"@executable_path/Frameworks",
				);
				MARKETING_VERSION = 1.0;
				PRODUCT_BUNDLE_IDENTIFIER = none.GHFollowers;
				PRODUCT_NAME = "$(TARGET_NAME)";
				SUPPORTED_PLATFORMS = "iphoneos iphonesimulator";
				SUPPORTS_MACCATALYST = NO;
				SUPPORTS_MAC_DESIGNED_FOR_IPHONE_IPAD = NO;
				SWIFT_EMIT_LOC_STRINGS = YES;
				SWIFT_VERSION = 5.0;
				TARGETED_DEVICE_FAMILY = 1;
			};
			name = Release;
		};
/* End XCBuildConfiguration section */

/* Begin XCConfigurationList section */
		361AD2AD2A6193DE004843F4 /* Build configuration list for PBXProject "GHFollowers" */ = {
			isa = XCConfigurationList;
			buildConfigurations = (
				361AD2C42A6193DF004843F4 /* Debug */,
				361AD2C52A6193DF004843F4 /* Release */,
			);
			defaultConfigurationIsVisible = 0;
			defaultConfigurationName = Release;
		};
		361AD2C62A6193DF004843F4 /* Build configuration list for PBXNativeTarget "GHFollowers" */ = {
			isa = XCConfigurationList;
			buildConfigurations = (
				361AD2C72A6193DF004843F4 /* Debug */,
				361AD2C82A6193DF004843F4 /* Release */,
			);
			defaultConfigurationIsVisible = 0;
			defaultConfigurationName = Release;
		};
/* End XCConfigurationList section */
	};
	rootObject = 361AD2AA2A6193DE004843F4 /* Project object */;
}
